
Microsoft Visual Studio Solution File, Format Version 12.00
# Visual Studio Version 17
VisualStudioVersion = 17.0.31903.59
MinimumVisualStudioVersion = 10.0.40219.1
Project("{2150E333-8FDC-42A3-9474-1A3956D46DE8}") = "src", "src", "{827E0CD3-B72D-47B6-A68D-7590B98EB39B}"
EndProject
Project("{FAE04EC0-301F-11D3-BF4B-00C04F79EFBC}") = "OpenTUI.Core", "src\OpenTUI.Core\OpenTUI.Core.csproj", "{1220C89A-D9EE-4009-96B0-C2C480515AC0}"
EndProject
Project("{FAE04EC0-301F-11D3-BF4B-00C04F79EFBC}") = "OpenTUI.Reactive", "src\OpenTUI.Reactive\OpenTUI.Reactive.csproj", "{477291C6-3C82-4877-B2BB-8D4A018B0DFA}"
EndProject
Project("{2150E333-8FDC-42A3-9474-1A3956D46DE8}") = "samples", "samples", "{5D20AA90-6969-D8BD-9DCD-8634F4692FDA}"
EndProject
Project("{FAE04EC0-301F-11D3-BF4B-00C04F79EFBC}") = "OpenTUI.Samples", "samples\OpenTUI.Samples\OpenTUI.Samples.csproj", "{A0034C5D-59BE-4A1A-BB05-EB2278E97F40}"
EndProject
Project("{2150E333-8FDC-42A3-9474-1A3956D46DE8}") = "tests", "tests", "{0AB3BF05-4346-4AA6-1389-037BE0695223}"
EndProject
Project("{FAE04EC0-301F-11D3-BF4B-00C04F79EFBC}") = "OpenTUI.Core.Tests", "tests\OpenTUI.Core.Tests\OpenTUI.Core.Tests.csproj", "{392A108D-A31B-4E01-B1D6-284C1CE767A8}"
EndProject
Project("{FAE04EC0-301F-11D3-BF4B-00C04F79EFBC}") = "OpenTUI.Layout.Tests", "tests\OpenTUI.Layout.Tests\OpenTUI.Layout.Tests.csproj", "{0E79C910-B029-4349-9619-FF3492E31402}"
EndProject
Project("{FAE04EC0-301F-11D3-BF4B-00C04F79EFBC}") = "OpenTUI.Reactive.Tests", "tests\OpenTUI.Reactive.Tests\OpenTUI.Reactive.Tests.csproj", "{5F40DB50-98A2-4148-8D32-67A41C86163B}"
EndProject
Project("{FAE04EC0-301F-11D3-BF4B-00C04F79EFBC}") = "OpenTUI.Integration.Tests", "tests\OpenTUI.Integration.Tests\OpenTUI.Integration.Tests.csproj", "{DD9D9169-86B0-4DBA-B223-D604F04C96BE}"
EndProject
Project("{FAE04EC0-301F-11D3-BF4B-00C04F79EFBC}") = "OpenTUI.Components", "src\OpenTUI.Components\OpenTUI.Components.csproj", "{C73B2718-4F7F-46D3-8780-742D10591C66}"
EndProject
Global
	GlobalSection(SolutionConfigurationPlatforms) = preSolution
		Debug|Any CPU = Debug|Any CPU
		Debug|x64 = Debug|x64
		Debug|x86 = Debug|x86
		Release|Any CPU = Release|Any CPU
		Release|x64 = Release|x64
		Release|x86 = Release|x86
	EndGlobalSection
	GlobalSection(ProjectConfigurationPlatforms) = postSolution
		{1220C89A-D9EE-4009-96B0-C2C480515AC0}.Debug|Any CPU.ActiveCfg = Debug|Any CPU
		{1220C89A-D9EE-4009-96B0-C2C480515AC0}.Debug|Any CPU.Build.0 = Debug|Any CPU
		{1220C89A-D9EE-4009-96B0-C2C480515AC0}.Debug|x64.ActiveCfg = Debug|Any CPU
		{1220C89A-D9EE-4009-96B0-C2C480515AC0}.Debug|x64.Build.0 = Debug|Any CPU
		{1220C89A-D9EE-4009-96B0-C2C480515AC0}.Debug|x86.ActiveCfg = Debug|Any CPU
		{1220C89A-D9EE-4009-96B0-C2C480515AC0}.Debug|x86.Build.0 = Debug|Any CPU
		{1220C89A-D9EE-4009-96B0-C2C480515AC0}.Release|Any CPU.ActiveCfg = Release|Any CPU
		{1220C89A-D9EE-4009-96B0-C2C480515AC0}.Release|Any CPU.Build.0 = Release|Any CPU
		{1220C89A-D9EE-4009-96B0-C2C480515AC0}.Release|x64.ActiveCfg = Release|Any CPU
		{1220C89A-D9EE-4009-96B0-C2C480515AC0}.Release|x64.Build.0 = Release|Any CPU
		{1220C89A-D9EE-4009-96B0-C2C480515AC0}.Release|x86.ActiveCfg = Release|Any CPU
		{1220C89A-D9EE-4009-96B0-C2C480515AC0}.Release|x86.Build.0 = Release|Any CPU
		{477291C6-3C82-4877-B2BB-8D4A018B0DFA}.Debug|Any CPU.ActiveCfg = Debug|Any CPU
		{477291C6-3C82-4877-B2BB-8D4A018B0DFA}.Debug|Any CPU.Build.0 = Debug|Any CPU
		{477291C6-3C82-4877-B2BB-8D4A018B0DFA}.Debug|x64.ActiveCfg = Debug|Any CPU
		{477291C6-3C82-4877-B2BB-8D4A018B0DFA}.Debug|x64.Build.0 = Debug|Any CPU
		{477291C6-3C82-4877-B2BB-8D4A018B0DFA}.Debug|x86.ActiveCfg = Debug|Any CPU
		{477291C6-3C82-4877-B2BB-8D4A018B0DFA}.Debug|x86.Build.0 = Debug|Any CPU
		{477291C6-3C82-4877-B2BB-8D4A018B0DFA}.Release|Any CPU.ActiveCfg = Release|Any CPU
		{477291C6-3C82-4877-B2BB-8D4A018B0DFA}.Release|Any CPU.Build.0 = Release|Any CPU
		{477291C6-3C82-4877-B2BB-8D4A018B0DFA}.Release|x64.ActiveCfg = Release|Any CPU
		{477291C6-3C82-4877-B2BB-8D4A018B0DFA}.Release|x64.Build.0 = Release|Any CPU
		{477291C6-3C82-4877-B2BB-8D4A018B0DFA}.Release|x86.ActiveCfg = Release|Any CPU
		{477291C6-3C82-4877-B2BB-8D4A018B0DFA}.Release|x86.Build.0 = Release|Any CPU
		{A0034C5D-59BE-4A1A-BB05-EB2278E97F40}.Debug|Any CPU.ActiveCfg = Debug|Any CPU
		{A0034C5D-59BE-4A1A-BB05-EB2278E97F40}.Debug|Any CPU.Build.0 = Debug|Any CPU
		{A0034C5D-59BE-4A1A-BB05-EB2278E97F40}.Debug|x64.ActiveCfg = Debug|Any CPU
		{A0034C5D-59BE-4A1A-BB05-EB2278E97F40}.Debug|x64.Build.0 = Debug|Any CPU
		{A0034C5D-59BE-4A1A-BB05-EB2278E97F40}.Debug|x86.ActiveCfg = Debug|Any CPU
		{A0034C5D-59BE-4A1A-BB05-EB2278E97F40}.Debug|x86.Build.0 = Debug|Any CPU
		{A0034C5D-59BE-4A1A-BB05-EB2278E97F40}.Release|Any CPU.ActiveCfg = Release|Any CPU
		{A0034C5D-59BE-4A1A-BB05-EB2278E97F40}.Release|Any CPU.Build.0 = Release|Any CPU
		{A0034C5D-59BE-4A1A-BB05-EB2278E97F40}.Release|x64.ActiveCfg = Release|Any CPU
		{A0034C5D-59BE-4A1A-BB05-EB2278E97F40}.Release|x64.Build.0 = Release|Any CPU
		{A0034C5D-59BE-4A1A-BB05-EB2278E97F40}.Release|x86.ActiveCfg = Release|Any CPU
		{A0034C5D-59BE-4A1A-BB05-EB2278E97F40}.Release|x86.Build.0 = Release|Any CPU
		{392A108D-A31B-4E01-B1D6-284C1CE767A8}.Debug|Any CPU.ActiveCfg = Debug|Any CPU
		{392A108D-A31B-4E01-B1D6-284C1CE767A8}.Debug|Any CPU.Build.0 = Debug|Any CPU
		{392A108D-A31B-4E01-B1D6-284C1CE767A8}.Debug|x64.ActiveCfg = Debug|Any CPU
		{392A108D-A31B-4E01-B1D6-284C1CE767A8}.Debug|x64.Build.0 = Debug|Any CPU
		{392A108D-A31B-4E01-B1D6-284C1CE767A8}.Debug|x86.ActiveCfg = Debug|Any CPU
		{392A108D-A31B-4E01-B1D6-284C1CE767A8}.Debug|x86.Build.0 = Debug|Any CPU
		{392A108D-A31B-4E01-B1D6-284C1CE767A8}.Release|Any CPU.ActiveCfg = Release|Any CPU
		{392A108D-A31B-4E01-B1D6-284C1CE767A8}.Release|Any CPU.Build.0 = Release|Any CPU
		{392A108D-A31B-4E01-B1D6-284C1CE767A8}.Release|x64.ActiveCfg = Release|Any CPU
		{392A108D-A31B-4E01-B1D6-284C1CE767A8}.Release|x64.Build.0 = Release|Any CPU
		{392A108D-A31B-4E01-B1D6-284C1CE767A8}.Release|x86.ActiveCfg = Release|Any CPU
		{392A108D-A31B-4E01-B1D6-284C1CE767A8}.Release|x86.Build.0 = Release|Any CPU
		{0E79C910-B029-4349-9619-FF3492E31402}.Debug|Any CPU.ActiveCfg = Debug|Any CPU
		{0E79C910-B029-4349-9619-FF3492E31402}.Debug|Any CPU.Build.0 = Debug|Any CPU
		{0E79C910-B029-4349-9619-FF3492E31402}.Debug|x64.ActiveCfg = Debug|Any CPU
		{0E79C910-B029-4349-9619-FF3492E31402}.Debug|x64.Build.0 = Debug|Any CPU
		{0E79C910-B029-4349-9619-FF3492E31402}.Debug|x86.ActiveCfg = Debug|Any CPU
		{0E79C910-B029-4349-9619-FF3492E31402}.Debug|x86.Build.0 = Debug|Any CPU
		{0E79C910-B029-4349-9619-FF3492E31402}.Release|Any CPU.ActiveCfg = Release|Any CPU
		{0E79C910-B029-4349-9619-FF3492E31402}.Release|Any CPU.Build.0 = Release|Any CPU
		{0E79C910-B029-4349-9619-FF3492E31402}.Release|x64.ActiveCfg = Release|Any CPU
		{0E79C910-B029-4349-9619-FF3492E31402}.Release|x64.Build.0 = Release|Any CPU
		{0E79C910-B029-4349-9619-FF3492E31402}.Release|x86.ActiveCfg = Release|Any CPU
		{0E79C910-B029-4349-9619-FF3492E31402}.Release|x86.Build.0 = Release|Any CPU
		{5F40DB50-98A2-4148-8D32-67A41C86163B}.Debug|Any CPU.ActiveCfg = Debug|Any CPU
		{5F40DB50-98A2-4148-8D32-67A41C86163B}.Debug|Any CPU.Build.0 = Debug|Any CPU
		{5F40DB50-98A2-4148-8D32-67A41C86163B}.Debug|x64.ActiveCfg = Debug|Any CPU
		{5F40DB50-98A2-4148-8D32-67A41C86163B}.Debug|x64.Build.0 = Debug|Any CPU
		{5F40DB50-98A2-4148-8D32-67A41C86163B}.Debug|x86.ActiveCfg = Debug|Any CPU
		{5F40DB50-98A2-4148-8D32-67A41C86163B}.Debug|x86.Build.0 = Debug|Any CPU
		{5F40DB50-98A2-4148-8D32-67A41C86163B}.Release|Any CPU.ActiveCfg = Release|Any CPU
		{5F40DB50-98A2-4148-8D32-67A41C86163B}.Release|Any CPU.Build.0 = Release|Any CPU
		{5F40DB50-98A2-4148-8D32-67A41C86163B}.Release|x64.ActiveCfg = Release|Any CPU
		{5F40DB50-98A2-4148-8D32-67A41C86163B}.Release|x64.Build.0 = Release|Any CPU
		{5F40DB50-98A2-4148-8D32-67A41C86163B}.Release|x86.ActiveCfg = Release|Any CPU
		{5F40DB50-98A2-4148-8D32-67A41C86163B}.Release|x86.Build.0 = Release|Any CPU
		{DD9D9169-86B0-4DBA-B223-D604F04C96BE}.Debug|Any CPU.ActiveCfg = Debug|Any CPU
		{DD9D9169-86B0-4DBA-B223-D604F04C96BE}.Debug|Any CPU.Build.0 = Debug|Any CPU
		{DD9D9169-86B0-4DBA-B223-D604F04C96BE}.Debug|x64.ActiveCfg = Debug|Any CPU
		{DD9D9169-86B0-4DBA-B223-D604F04C96BE}.Debug|x64.Build.0 = Debug|Any CPU
		{DD9D9169-86B0-4DBA-B223-D604F04C96BE}.Debug|x86.ActiveCfg = Debug|Any CPU
		{DD9D9169-86B0-4DBA-B223-D604F04C96BE}.Debug|x86.Build.0 = Debug|Any CPU
		{DD9D9169-86B0-4DBA-B223-D604F04C96BE}.Release|Any CPU.ActiveCfg = Release|Any CPU
		{DD9D9169-86B0-4DBA-B223-D604F04C96BE}.Release|Any CPU.Build.0 = Release|Any CPU
		{DD9D9169-86B0-4DBA-B223-D604F04C96BE}.Release|x64.ActiveCfg = Release|Any CPU
		{DD9D9169-86B0-4DBA-B223-D604F04C96BE}.Release|x64.Build.0 = Release|Any CPU
		{DD9D9169-86B0-4DBA-B223-D604F04C96BE}.Release|x86.ActiveCfg = Release|Any CPU
		{DD9D9169-86B0-4DBA-B223-D604F04C96BE}.Release|x86.Build.0 = Release|Any CPU
		{C73B2718-4F7F-46D3-8780-742D10591C66}.Debug|Any CPU.ActiveCfg = Debug|Any CPU
		{C73B2718-4F7F-46D3-8780-742D10591C66}.Debug|Any CPU.Build.0 = Debug|Any CPU
		{C73B2718-4F7F-46D3-8780-742D10591C66}.Debug|x64.ActiveCfg = Debug|Any CPU
		{C73B2718-4F7F-46D3-8780-742D10591C66}.Debug|x64.Build.0 = Debug|Any CPU
		{C73B2718-4F7F-46D3-8780-742D10591C66}.Debug|x86.ActiveCfg = Debug|Any CPU
		{C73B2718-4F7F-46D3-8780-742D10591C66}.Debug|x86.Build.0 = Debug|Any CPU
		{C73B2718-4F7F-46D3-8780-742D10591C66}.Release|Any CPU.ActiveCfg = Release|Any CPU
		{C73B2718-4F7F-46D3-8780-742D10591C66}.Release|Any CPU.Build.0 = Release|Any CPU
		{C73B2718-4F7F-46D3-8780-742D10591C66}.Release|x64.ActiveCfg = Release|Any CPU
		{C73B2718-4F7F-46D3-8780-742D10591C66}.Release|x64.Build.0 = Release|Any CPU
		{C73B2718-4F7F-46D3-8780-742D10591C66}.Release|x86.ActiveCfg = Release|Any CPU
		{C73B2718-4F7F-46D3-8780-742D10591C66}.Release|x86.Build.0 = Release|Any CPU
	EndGlobalSection
	GlobalSection(SolutionProperties) = preSolution
		HideSolutionNode = FALSE
	EndGlobalSection
	GlobalSection(NestedProjects) = preSolution
		{1220C89A-D9EE-4009-96B0-C2C480515AC0} = {827E0CD3-B72D-47B6-A68D-7590B98EB39B}
		{477291C6-3C82-4877-B2BB-8D4A018B0DFA} = {827E0CD3-B72D-47B6-A68D-7590B98EB39B}
		{A0034C5D-59BE-4A1A-BB05-EB2278E97F40} = {5D20AA90-6969-D8BD-9DCD-8634F4692FDA}
		{392A108D-A31B-4E01-B1D6-284C1CE767A8} = {0AB3BF05-4346-4AA6-1389-037BE0695223}
		{0E79C910-B029-4349-9619-FF3492E31402} = {0AB3BF05-4346-4AA6-1389-037BE0695223}
		{5F40DB50-98A2-4148-8D32-67A41C86163B} = {0AB3BF05-4346-4AA6-1389-037BE0695223}
		{DD9D9169-86B0-4DBA-B223-D604F04C96BE} = {0AB3BF05-4346-4AA6-1389-037BE0695223}
		{C73B2718-4F7F-46D3-8780-742D10591C66} = {827E0CD3-B72D-47B6-A68D-7590B98EB39B}
	EndGlobalSection
EndGlobal
